// !$*UTF8*$!
{
	archiveVersion = 1;
	classes = {
	};
	objectVersion = 50;
	objects = {

/* Begin PBXBuildFile section */
		187F68962372CA5A001E126D /* AppDelegate.swift in Sources */ = {isa = PBXBuildFile; fileRef = 187F68952372CA5A001E126D /* AppDelegate.swift */; };
		187F68982372CA5A001E126D /* SceneDelegate.swift in Sources */ = {isa = PBXBuildFile; fileRef = 187F68972372CA5A001E126D /* SceneDelegate.swift */; };
		187F689A2372CA5A001E126D /* ContentView.swift in Sources */ = {isa = PBXBuildFile; fileRef = 187F68992372CA5A001E126D /* ContentView.swift */; };
		187F689C2372CA5A001E126D /* Assets.xcassets in Resources */ = {isa = PBXBuildFile; fileRef = 187F689B2372CA5A001E126D /* Assets.xcassets */; };
		187F689F2372CA5A001E126D /* Preview Assets.xcassets in Resources */ = {isa = PBXBuildFile; fileRef = 187F689E2372CA5A001E126D /* Preview Assets.xcassets */; };
		187F68A22372CA5A001E126D /* LaunchScreen.storyboard in Resources */ = {isa = PBXBuildFile; fileRef = 187F68A02372CA5A001E126D /* LaunchScreen.storyboard */; };
		18FDDBF92374977400B3E3F1 /* Spirograph.swift in Sources */ = {isa = PBXBuildFile; fileRef = 18FDDBF82374977400B3E3F1 /* Spirograph.swift */; };
/* End PBXBuildFile section */

/* Begin PBXFileReference section */
		187F68922372CA5A001E126D /* Traffiker.app */ = {isa = PBXFileReference; explicitFileType = wrapper.application; includeInIndex = 0; path = Traffiker.app; sourceTree = BUILT_PRODUCTS_DIR; };
		187F68952372CA5A001E126D /* AppDelegate.swift */ = {isa = PBXFileReference; lastKnownFileType = sourcecode.swift; path = AppDelegate.swift; sourceTree = "<group>"; };
		187F68972372CA5A001E126D /* SceneDelegate.swift */ = {isa = PBXFileReference; lastKnownFileType = sourcecode.swift; path = SceneDelegate.swift; sourceTree = "<group>"; };
		187F68992372CA5A001E126D /* ContentView.swift */ = {isa = PBXFileReference; lastKnownFileType = sourcecode.swift; path = ContentView.swift; sourceTree = "<group>"; };
		187F689B2372CA5A001E126D /* Assets.xcassets */ = {isa = PBXFileReference; lastKnownFileType = folder.assetcatalog; path = Assets.xcassets; sourceTree = "<group>"; };
		187F689E2372CA5A001E126D /* Preview Assets.xcassets */ = {isa = PBXFileReference; lastKnownFileType = folder.assetcatalog; path = "Preview Assets.xcassets"; sourceTree = "<group>"; };
		187F68A12372CA5A001E126D /* Base */ = {isa = PBXFileReference; lastKnownFileType = file.storyboard; name = Base; path = Base.lproj/LaunchScreen.storyboard; sourceTree = "<group>"; };
		187F68A32372CA5A001E126D /* Info.plist */ = {isa = PBXFileReference; lastKnownFileType = text.plist.xml; path = Info.plist; sourceTree = "<group>"; };
		18FDDBF82374977400B3E3F1 /* Spirograph.swift */ = {isa = PBXFileReference; lastKnownFileType = sourcecode.swift; path = Spirograph.swift; sourceTree = "<group>"; };
/* End PBXFileReference section */

/* Begin PBXFrameworksBuildPhase section */
		187F688F2372CA5A001E126D /* Frameworks */ = {
			isa = PBXFrameworksBuildPhase;
			buildActionMask = 2147483647;
			files = (
			);
			runOnlyForDeploymentPostprocessing = 0;
		};
/* End PBXFrameworksBuildPhase section */

/* Begin PBXGroup section */
		187F68892372CA5A001E126D = {
			isa = PBXGroup;
			children = (
				187F68942372CA5A001E126D /* Traffiker */,
				187F68932372CA5A001E126D /* Products */,
			);
			sourceTree = "<group>";
		};
		187F68932372CA5A001E126D /* Products */ = {
			isa = PBXGroup;
			children = (
				187F68922372CA5A001E126D /* Traffiker.app */,
			);
			name = Products;
			sourceTree = "<group>";
		};
		187F68942372CA5A001E126D /* Traffiker */ = {
			isa = PBXGroup;
			children = (
				187F68952372CA5A001E126D /* AppDelegate.swift */,
				187F68972372CA5A001E126D /* SceneDelegate.swift */,
				187F68992372CA5A001E126D /* ContentView.swift */,
				18FDDBF82374977400B3E3F1 /* Spirograph.swift */,
				187F689B2372CA5A001E126D /* Assets.xcassets */,
				187F68A02372CA5A001E126D /* LaunchScreen.storyboard */,
				187F68A32372CA5A001E126D /* Info.plist */,
				187F689D2372CA5A001E126D /* Preview Content */,
			);
			path = Traffiker;
			sourceTree = "<group>";
		};
		187F689D2372CA5A001E126D /* Preview Content */ = {
			isa = PBXGroup;
			children = (
				187F689E2372CA5A001E126D /* Preview Assets.xcassets */,
			);
			path = "Preview Content";
			sourceTree = "<group>";
		};
/* End PBXGroup section */

/* Begin PBXNativeTarget section */
		187F68912372CA5A001E126D /* Traffiker */ = {
			isa = PBXNativeTarget;
			buildConfigurationList = 187F68A62372CA5A001E126D /* Build configuration list for PBXNativeTarget "Traffiker" */;
			buildPhases = (
				187F688E2372CA5A001E126D /* Sources */,
				187F688F2372CA5A001E126D /* Frameworks */,
				187F68902372CA5A001E126D /* Resources */,
			);
			buildRules = (
			);
			dependencies = (
			);
			name = Traffiker;
			productName = Traffiker;
			productReference = 187F68922372CA5A001E126D /* Traffiker.app */;
			productType = "com.apple.product-type.application";
		};
/* End PBXNativeTarget section */

/* Begin PBXProject section */
		187F688A2372CA5A001E126D /* Project object */ = {
			isa = PBXProject;
			attributes = {
				LastSwiftUpdateCheck = 1110;
				LastUpgradeCheck = 1110;
				ORGANIZATIONNAME = TheHackingWithSwift;
				TargetAttributes = {
					187F68912372CA5A001E126D = {
						CreatedOnToolsVersion = 11.1;
					};
				};
			};
			buildConfigurationList = 187F688D2372CA5A001E126D /* Build configuration list for PBXProject "Traffiker" */;
			compatibilityVersion = "Xcode 9.3";
			developmentRegion = en;
			hasScannedForEncodings = 0;
			knownRegions = (
				en,
				Base,
			);
			mainGroup = 187F68892372CA5A001E126D;
			productRefGroup = 187F68932372CA5A001E126D /* Products */;
			projectDirPath = "";
			projectRoot = "";
			targets = (
				187F68912372CA5A001E126D /* Traffiker */,
			);
		};
/* End PBXProject section */

/* Begin PBXResourcesBuildPhase section */
		187F68902372CA5A001E126D /* Resources */ = {
			isa = PBXResourcesBuildPhase;
			buildActionMask = 2147483647;
			files = (
				187F68A22372CA5A001E126D /* LaunchScreen.storyboard in Resources */,
				187F689F2372CA5A001E126D /* Preview Assets.xcassets in Resources */,
				187F689C2372CA5A001E126D /* Assets.xcassets in Resources */,
			);
			runOnlyForDeploymentPostprocessing = 0;
		};
/* End PBXResourcesBuildPhase section */

/* Begin PBXSourcesBuildPhase section */
		187F688E2372CA5A001E126D /* Sources */ = {
			isa = PBXSourcesBuildPhase;
			buildActionMask = 2147483647;
			files = (
				187F68962372CA5A001E126D /* AppDelegate.swift in Sources */,
				187F68982372CA5A001E126D /* SceneDelegate.swift in Sources */,
				18FDDBF92374977400B3E3F1 /* Spirograph.swift in Sources */,
				187F689A2372CA5A001E126D /* ContentView.swift in Sources */,
			);
			runOnlyForDeploymentPostprocessing = 0;
		};
/* End PBXSourcesBuildPhase section */

/* Begin PBXVariantGroup section */
		187F68A02372CA5A001E126D /* LaunchScreen.storyboard */ = {
			isa = PBXVariantGroup;
			children = (
				187F68A12372CA5A001E126D /* Base */,
			);
			name = LaunchScreen.storyboard;
			sourceTree = "<group>";
		};
/* End PBXVariantGroup section */

/* Begin XCBuildConfiguration section */
		187F68A42372CA5A001E126D /* Debug */ = {
			isa = XCBuildConfiguration;
			buildSettings = {
				ALWAYS_SEARCH_USER_PATHS = NO;
				CLANG_ANALYZER_NONNULL = YES;
				CLANG_ANALYZER_NUMBER_OBJECT_CONVERSION = YES_AGGRESSIVE;
				CLANG_CXX_LANGUAGE_STANDARD = "gnu++14";
				CLANG_CXX_LIBRARY = "libc++";
				CLANG_ENABLE_MODULES = YES;
				CLANG_ENABLE_OBJC_ARC = YES;
				CLANG_ENABLE_OBJC_WEAK = YES;
				CLANG_WARN_BLOCK_CAPTURE_AUTORELEASING = YES;
				CLANG_WARN_BOOL_CONVERSION = YES;
				CLANG_WARN_COMMA = YES;
				CLANG_WARN_CONSTANT_CONVERSION = YES;
				CLANG_WARN_DEPRECATED_OBJC_IMPLEMENTATIONS = YES;
				CLANG_WARN_DIRECT_OBJC_ISA_USAGE = YES_ERROR;
				CLANG_WARN_DOCUMENTATION_COMMENTS = YES;
				CLANG_WARN_EMPTY_BODY = YES;
				CLANG_WARN_ENUM_CONVERSION = YES;
				CLANG_WARN_INFINITE_RECURSION = YES;
				CLANG_WARN_INT_CONVERSION = YES;
				CLANG_WARN_NON_LITERAL_NULL_CONVERSION = YES;
				CLANG_WARN_OBJC_IMPLICIT_RETAIN_SELF = YES;
				CLANG_WARN_OBJC_LITERAL_CONVERSION = YES;
				CLANG_WARN_OBJC_ROOT_CLASS = YES_ERROR;
				CLANG_WARN_RANGE_LOOP_ANALYSIS = YES;
				CLANG_WARN_STRICT_PROTOTYPES = YES;
				CLANG_WARN_SUSPICIOUS_MOVE = YES;
				CLANG_WARN_UNGUARDED_AVAILABILITY = YES_AGGRESSIVE;
				CLANG_WARN_UNREACHABLE_CODE = YES;
				CLANG_WARN__DUPLICATE_METHOD_MATCH = YES;
				COPY_PHASE_STRIP = NO;
				DEBUG_INFORMATION_FORMAT = dwarf;
				ENABLE_STRICT_OBJC_MSGSEND = YES;
				ENABLE_TESTABILITY = YES;
				GCC_C_LANGUAGE_STANDARD = gnu11;
				GCC_DYNAMIC_NO_PIC = NO;
				GCC_NO_COMMON_BLOCKS = YES;
				GCC_OPTIMIZATION_LEVEL = 0;
				GCC_PREPROCESSOR_DEFINITIONS = (
					"DEBUG=1",
					"$(inherited)",
				);
				GCC_WARN_64_TO_32_BIT_CONVERSION = YES;
				GCC_WARN_ABOUT_RETURN_TYPE = YES_ERROR;
				GCC_WARN_UNDECLARED_SELECTOR = YES;
				GCC_WARN_UNINITIALIZED_AUTOS = YES_AGGRESSIVE;
				GCC_WARN_UNUSED_FUNCTION = YES;
				GCC_WARN_UNUSED_VARIABLE = YES;
				IPHONEOS_DEPLOYMENT_TARGET = 13.1;
				MTL_ENABLE_DEBUG_INFO = INCLUDE_SOURCE;
				MTL_FAST_MATH = YES;
				ONLY_ACTIVE_ARCH = YES;
				SDKROOT = iphoneos;
				SWIFT_ACTIVE_COMPILATION_CONDITIONS = DEBUG;
				SWIFT_OPTIMIZATION_LEVEL = "-Onone";
			};
			name = Debug;
		};
		187F68A52372CA5A001E126D /* Release */ = {
			isa = XCBuildConfiguration;
			buildSettings = {
				ALWAYS_SEARCH_USER_PATHS = NO;
				CLANG_ANALYZER_NONNULL = YES;
				CLANG_ANALYZER_NUMBER_OBJECT_CONVERSION = YES_AGGRESSIVE;
				CLANG_CXX_LANGUAGE_STANDARD = "gnu++14";
				CLANG_CXX_LIBRARY = "libc++";
				CLANG_ENABLE_MODULES = YES;
				CLANG_ENABLE_OBJC_ARC = YES;
				CLANG_ENABLE_OBJC_WEAK = YES;
				CLANG_WARN_BLOCK_CAPTURE_AUTORELEASING = YES;
				CLANG_WARN_BOOL_CONVERSION = YES;
				CLANG_WARN_COMMA = YES;
				CLANG_WARN_CONSTANT_CONVERSION = YES;
				CLANG_WARN_DEPRECATED_OBJC_IMPLEMENTATIONS = YES;
				CLANG_WARN_DIRECT_OBJC_ISA_USAGE = YES_ERROR;
				CLANG_WARN_DOCUMENTATION_COMMENTS = YES;
				CLANG_WARN_EMPTY_BODY = YES;
				CLANG_WARN_ENUM_CONVERSION = YES;
				CLANG_WARN_INFINITE_RECURSION = YES;
				CLANG_WARN_INT_CONVERSION = YES;
				CLANG_WARN_NON_LITERAL_NULL_CONVERSION = YES;
				CLANG_WARN_OBJC_IMPLICIT_RETAIN_SELF = YES;
				CLANG_WARN_OBJC_LITERAL_CONVERSION = YES;
				CLANG_WARN_OBJC_ROOT_CLASS = YES_ERROR;
				CLANG_WARN_RANGE_LOOP_ANALYSIS = YES;
				CLANG_WARN_STRICT_PROTOTYPES = YES;
				CLANG_WARN_SUSPICIOUS_MOVE = YES;
				CLANG_WARN_UNGUARDED_AVAILABILITY = YES_AGGRESSIVE;
				CLANG_WARN_UNREACHABLE_CODE = YES;
				CLANG_WARN__DUPLICATE_METHOD_MATCH = YES;
				COPY_PHASE_STRIP = NO;
				DEBUG_INFORMATION_FORMAT = "dwarf-with-dsym";
				ENABLE_NS_ASSERTIONS = NO;
				ENABLE_STRICT_OBJC_MSGSEND = YES;
				GCC_C_LANGUAGE_STANDARD = gnu11;
				GCC_NO_COMMON_BLOCKS = YES;
				GCC_WARN_64_TO_32_BIT_CONVERSION = YES;
				GCC_WARN_ABOUT_RETURN_TYPE = YES_ERROR;
				GCC_WARN_UNDECLARED_SELECTOR = YES;
				GCC_WARN_UNINITIALIZED_AUTOS = YES_AGGRESSIVE;
				GCC_WARN_UNUSED_FUNCTION = YES;
				GCC_WARN_UNUSED_VARIABLE = YES;
				IPHONEOS_DEPLOYMENT_TARGET = 13.1;
				MTL_ENABLE_DEBUG_INFO = NO;
				MTL_FAST_MATH = YES;
				SDKROOT = iphoneos;
				SWIFT_COMPILATION_MODE = wholemodule;
				SWIFT_OPTIMIZATION_LEVEL = "-O";
				VALIDATE_PRODUCT = YES;
			};
			name = Release;
		};
		187F68A72372CA5A001E126D /* Debug */ = {
			isa = XCBuildConfiguration;
			buildSettings = {
				ASSETCATALOG_COMPILER_APPICON_NAME = AppIcon;
				CODE_SIGN_STYLE = Automatic;
				DEVELOPMENT_ASSET_PATHS = "\"Traffiker/Preview Content\"";
				DEVELOPMENT_TEAM = RGDWE9C34K;
				ENABLE_PREVIEWS = YES;
				INFOPLIST_FILE = Traffiker/Info.plist;
				LD_RUNPATH_SEARCH_PATHS = (
					"$(inherited)",
					"@executable_path/Frameworks",
				);
				MARKETING_VERSION = 0.1;
				PRODUCT_BUNDLE_IDENTIFIER = com.surakamy.Traffiker;
				PRODUCT_NAME = "$(TARGET_NAME)";
				SWIFT_VERSION = 5.0;
				TARGETED_DEVICE_FAMILY = "1,2";
			};
			name = Debug;
		};
		187F68A82372CA5A001E126D /* Release */ = {
			isa = XCBuildConfiguration;
			buildSettings = {
				ASSETCATALOG_COMPILER_APPICON_NAME = AppIcon;
				CODE_SIGN_STYLE = Automatic;
				DEVELOPMENT_ASSET_PATHS = "\"Traffiker/Preview Content\"";
				DEVELOPMENT_TEAM = RGDWE9C34K;
				ENABLE_PREVIEWS = YES;
				INFOPLIST_FILE = Traffiker/Info.plist;
				LD_RUNPATH_SEARCH_PATHS = (
					"$(inherited)",
					"@executable_path/Frameworks",
				);
				MARKETING_VERSION = 0.1;
				PRODUCT_BUNDLE_IDENTIFIER = com.surakamy.Traffiker;
				PRODUCT_NAME = "$(TARGET_NAME)";
				SWIFT_VERSION = 5.0;
				TARGETED_DEVICE_FAMILY = "1,2";
			};
			name = Release;
		};
/* End XCBuildConfiguration section */

/* Begin XCConfigurationList section */
		187F688D2372CA5A001E126D /* Build configuration list for PBXProject "Traffiker" */ = {
			isa = XCConfigurationList;
			buildConfigurations = (
				187F68A42372CA5A001E126D /* Debug */,
				187F68A52372CA5A001E126D /* Release */,
			);
			defaultConfigurationIsVisible = 0;
			defaultConfigurationName = Release;
		};
		187F68A62372CA5A001E126D /* Build configuration list for PBXNativeTarget "Traffiker" */ = {
			isa = XCConfigurationList;
			buildConfigurations = (
				187F68A72372CA5A001E126D /* Debug */,
				187F68A82372CA5A001E126D /* Release */,
			);
			defaultConfigurationIsVisible = 0;
			defaultConfigurationName = Release;
		};
/* End XCConfigurationList section */
	};
	rootObject = 187F688A2372CA5A001E126D /* Project object */;
}
